// !$*UTF8*$!
{
	archiveVersion = 1;
	classes = {
	};
	objectVersion = 50;
	objects = {

/* Begin PBXBuildFile section */
		5F50725B273D54A200C2981D /* RemotePlaceLoader.swift in Sources */ = {isa = PBXBuildFile; fileRef = 5F50725A273D54A200C2981D /* RemotePlaceLoader.swift */; };
		5FEE5247273BFF88002C6A36 /* AppDelegate.swift in Sources */ = {isa = PBXBuildFile; fileRef = 5FEE5246273BFF88002C6A36 /* AppDelegate.swift */; };
		5FEE5249273BFF88002C6A36 /* SceneDelegate.swift in Sources */ = {isa = PBXBuildFile; fileRef = 5FEE5248273BFF88002C6A36 /* SceneDelegate.swift */; };
		5FEE524B273BFF88002C6A36 /* ViewController.swift in Sources */ = {isa = PBXBuildFile; fileRef = 5FEE524A273BFF88002C6A36 /* ViewController.swift */; };
		5FEE524E273BFF88002C6A36 /* Main.storyboard in Resources */ = {isa = PBXBuildFile; fileRef = 5FEE524C273BFF88002C6A36 /* Main.storyboard */; };
		5FEE5250273BFF8A002C6A36 /* Assets.xcassets in Resources */ = {isa = PBXBuildFile; fileRef = 5FEE524F273BFF8A002C6A36 /* Assets.xcassets */; };
		5FEE5253273BFF8A002C6A36 /* LaunchScreen.storyboard in Resources */ = {isa = PBXBuildFile; fileRef = 5FEE5251273BFF8A002C6A36 /* LaunchScreen.storyboard */; };
		5FEE525E273BFF8A002C6A36 /* RemotePlaceLoaderTests.swift in Sources */ = {isa = PBXBuildFile; fileRef = 5FEE525D273BFF8A002C6A36 /* RemotePlaceLoaderTests.swift */; };
		5FEE5278273C02BF002C6A36 /* PlaceLoader.swift in Sources */ = {isa = PBXBuildFile; fileRef = 5FEE5277273C02BF002C6A36 /* PlaceLoader.swift */; };
		5FEE527A273C0661002C6A36 /* Request.swift in Sources */ = {isa = PBXBuildFile; fileRef = 5FEE5279273C0661002C6A36 /* Request.swift */; };
		5FEE527C273C0676002C6A36 /* LocationCoordinate.swift in Sources */ = {isa = PBXBuildFile; fileRef = 5FEE527B273C0676002C6A36 /* LocationCoordinate.swift */; };
		5FEE527E273C068D002C6A36 /* PriceLevel.swift in Sources */ = {isa = PBXBuildFile; fileRef = 5FEE527D273C068D002C6A36 /* PriceLevel.swift */; };
		5FEE5280273C069E002C6A36 /* Place.swift in Sources */ = {isa = PBXBuildFile; fileRef = 5FEE527F273C069E002C6A36 /* Place.swift */; };
/* End PBXBuildFile section */

/* Begin PBXContainerItemProxy section */
		5FEE525A273BFF8A002C6A36 /* PBXContainerItemProxy */ = {
			isa = PBXContainerItemProxy;
			containerPortal = 5FEE523B273BFF88002C6A36 /* Project object */;
			proxyType = 1;
			remoteGlobalIDString = 5FEE5242273BFF88002C6A36;
			remoteInfo = AllTrails;
		};
/* End PBXContainerItemProxy section */

/* Begin PBXFileReference section */
		5F50725A273D54A200C2981D /* RemotePlaceLoader.swift */ = {isa = PBXFileReference; lastKnownFileType = sourcecode.swift; path = RemotePlaceLoader.swift; sourceTree = "<group>"; };
		5FEE5243273BFF88002C6A36 /* AllTrails.app */ = {isa = PBXFileReference; explicitFileType = wrapper.application; includeInIndex = 0; path = AllTrails.app; sourceTree = BUILT_PRODUCTS_DIR; };
		5FEE5246273BFF88002C6A36 /* AppDelegate.swift */ = {isa = PBXFileReference; lastKnownFileType = sourcecode.swift; path = AppDelegate.swift; sourceTree = "<group>"; };
		5FEE5248273BFF88002C6A36 /* SceneDelegate.swift */ = {isa = PBXFileReference; lastKnownFileType = sourcecode.swift; path = SceneDelegate.swift; sourceTree = "<group>"; };
		5FEE524A273BFF88002C6A36 /* ViewController.swift */ = {isa = PBXFileReference; lastKnownFileType = sourcecode.swift; path = ViewController.swift; sourceTree = "<group>"; };
		5FEE524D273BFF88002C6A36 /* Base */ = {isa = PBXFileReference; lastKnownFileType = file.storyboard; name = Base; path = Base.lproj/Main.storyboard; sourceTree = "<group>"; };
		5FEE524F273BFF8A002C6A36 /* Assets.xcassets */ = {isa = PBXFileReference; lastKnownFileType = folder.assetcatalog; path = Assets.xcassets; sourceTree = "<group>"; };
		5FEE5252273BFF8A002C6A36 /* Base */ = {isa = PBXFileReference; lastKnownFileType = file.storyboard; name = Base; path = Base.lproj/LaunchScreen.storyboard; sourceTree = "<group>"; };
		5FEE5254273BFF8A002C6A36 /* Info.plist */ = {isa = PBXFileReference; lastKnownFileType = text.plist.xml; path = Info.plist; sourceTree = "<group>"; };
		5FEE5259273BFF8A002C6A36 /* AllTrailsTests.xctest */ = {isa = PBXFileReference; explicitFileType = wrapper.cfbundle; includeInIndex = 0; path = AllTrailsTests.xctest; sourceTree = BUILT_PRODUCTS_DIR; };
		5FEE525D273BFF8A002C6A36 /* RemotePlaceLoaderTests.swift */ = {isa = PBXFileReference; lastKnownFileType = sourcecode.swift; path = RemotePlaceLoaderTests.swift; sourceTree = "<group>"; };
		5FEE525F273BFF8A002C6A36 /* Info.plist */ = {isa = PBXFileReference; lastKnownFileType = text.plist.xml; path = Info.plist; sourceTree = "<group>"; };
		5FEE5277273C02BF002C6A36 /* PlaceLoader.swift */ = {isa = PBXFileReference; lastKnownFileType = sourcecode.swift; path = PlaceLoader.swift; sourceTree = "<group>"; };
		5FEE5279273C0661002C6A36 /* Request.swift */ = {isa = PBXFileReference; lastKnownFileType = sourcecode.swift; path = Request.swift; sourceTree = "<group>"; };
		5FEE527B273C0676002C6A36 /* LocationCoordinate.swift */ = {isa = PBXFileReference; lastKnownFileType = sourcecode.swift; path = LocationCoordinate.swift; sourceTree = "<group>"; };
		5FEE527D273C068D002C6A36 /* PriceLevel.swift */ = {isa = PBXFileReference; lastKnownFileType = sourcecode.swift; path = PriceLevel.swift; sourceTree = "<group>"; };
		5FEE527F273C069E002C6A36 /* Place.swift */ = {isa = PBXFileReference; lastKnownFileType = sourcecode.swift; path = Place.swift; sourceTree = "<group>"; };
/* End PBXFileReference section */

/* Begin PBXFrameworksBuildPhase section */
		5FEE5240273BFF88002C6A36 /* Frameworks */ = {
			isa = PBXFrameworksBuildPhase;
			buildActionMask = 2147483647;
			files = (
			);
			runOnlyForDeploymentPostprocessing = 0;
		};
		5FEE5256273BFF8A002C6A36 /* Frameworks */ = {
			isa = PBXFrameworksBuildPhase;
			buildActionMask = 2147483647;
			files = (
			);
			runOnlyForDeploymentPostprocessing = 0;
		};
/* End PBXFrameworksBuildPhase section */

/* Begin PBXGroup section */
		5F507259273D548700C2981D /* API */ = {
			isa = PBXGroup;
			children = (
				5F50725A273D54A200C2981D /* RemotePlaceLoader.swift */,
			);
			path = API;
			sourceTree = "<group>";
		};
		5FEE523A273BFF88002C6A36 = {
			isa = PBXGroup;
			children = (
				5FEE5245273BFF88002C6A36 /* AllTrails */,
				5FEE525C273BFF8A002C6A36 /* AllTrailsTests */,
				5FEE5244273BFF88002C6A36 /* Products */,
			);
			sourceTree = "<group>";
		};
		5FEE5244273BFF88002C6A36 /* Products */ = {
			isa = PBXGroup;
			children = (
				5FEE5243273BFF88002C6A36 /* AllTrails.app */,
				5FEE5259273BFF8A002C6A36 /* AllTrailsTests.xctest */,
			);
			name = Products;
			sourceTree = "<group>";
		};
		5FEE5245273BFF88002C6A36 /* AllTrails */ = {
			isa = PBXGroup;
			children = (
				5F507259273D548700C2981D /* API */,
				5FEE5276273C0297002C6A36 /* Domain */,
				5FEE5246273BFF88002C6A36 /* AppDelegate.swift */,
				5FEE5248273BFF88002C6A36 /* SceneDelegate.swift */,
				5FEE524A273BFF88002C6A36 /* ViewController.swift */,
				5FEE524C273BFF88002C6A36 /* Main.storyboard */,
				5FEE524F273BFF8A002C6A36 /* Assets.xcassets */,
				5FEE5251273BFF8A002C6A36 /* LaunchScreen.storyboard */,
				5FEE5254273BFF8A002C6A36 /* Info.plist */,
			);
			path = AllTrails;
			sourceTree = "<group>";
		};
		5FEE525C273BFF8A002C6A36 /* AllTrailsTests */ = {
			isa = PBXGroup;
			children = (
				5FEE525D273BFF8A002C6A36 /* RemotePlaceLoaderTests.swift */,
				5FEE525F273BFF8A002C6A36 /* Info.plist */,
			);
			path = AllTrailsTests;
			sourceTree = "<group>";
		};
		5FEE5276273C0297002C6A36 /* Domain */ = {
			isa = PBXGroup;
			children = (
				5FEE5281273C06B4002C6A36 /* Entities */,
				5FEE5277273C02BF002C6A36 /* PlaceLoader.swift */,
			);
			path = Domain;
			sourceTree = "<group>";
		};
		5FEE5281273C06B4002C6A36 /* Entities */ = {
			isa = PBXGroup;
			children = (
				5FEE5279273C0661002C6A36 /* Request.swift */,
				5FEE527B273C0676002C6A36 /* LocationCoordinate.swift */,
				5FEE527D273C068D002C6A36 /* PriceLevel.swift */,
				5FEE527F273C069E002C6A36 /* Place.swift */,
			);
			path = Entities;
			sourceTree = "<group>";
		};
/* End PBXGroup section */

/* Begin PBXNativeTarget section */
		5FEE5242273BFF88002C6A36 /* AllTrails */ = {
			isa = PBXNativeTarget;
			buildConfigurationList = 5FEE526D273BFF8A002C6A36 /* Build configuration list for PBXNativeTarget "AllTrails" */;
			buildPhases = (
				5FEE523F273BFF88002C6A36 /* Sources */,
				5FEE5240273BFF88002C6A36 /* Frameworks */,
				5FEE5241273BFF88002C6A36 /* Resources */,
			);
			buildRules = (
			);
			dependencies = (
			);
			name = AllTrails;
			productName = AllTrails;
			productReference = 5FEE5243273BFF88002C6A36 /* AllTrails.app */;
			productType = "com.apple.product-type.application";
		};
		5FEE5258273BFF8A002C6A36 /* AllTrailsTests */ = {
			isa = PBXNativeTarget;
			buildConfigurationList = 5FEE5270273BFF8A002C6A36 /* Build configuration list for PBXNativeTarget "AllTrailsTests" */;
			buildPhases = (
				5FEE5255273BFF8A002C6A36 /* Sources */,
				5FEE5256273BFF8A002C6A36 /* Frameworks */,
				5FEE5257273BFF8A002C6A36 /* Resources */,
			);
			buildRules = (
			);
			dependencies = (
				5FEE525B273BFF8A002C6A36 /* PBXTargetDependency */,
			);
			name = AllTrailsTests;
			productName = AllTrailsTests;
			productReference = 5FEE5259273BFF8A002C6A36 /* AllTrailsTests.xctest */;
			productType = "com.apple.product-type.bundle.unit-test";
		};
/* End PBXNativeTarget section */

/* Begin PBXProject section */
		5FEE523B273BFF88002C6A36 /* Project object */ = {
			isa = PBXProject;
			attributes = {
				LastSwiftUpdateCheck = 1250;
				LastUpgradeCheck = 1250;
				TargetAttributes = {
					5FEE5242273BFF88002C6A36 = {
						CreatedOnToolsVersion = 12.5.1;
					};
					5FEE5258273BFF8A002C6A36 = {
						CreatedOnToolsVersion = 12.5.1;
						TestTargetID = 5FEE5242273BFF88002C6A36;
					};
				};
			};
			buildConfigurationList = 5FEE523E273BFF88002C6A36 /* Build configuration list for PBXProject "AllTrails" */;
			compatibilityVersion = "Xcode 9.3";
			developmentRegion = en;
			hasScannedForEncodings = 0;
			knownRegions = (
				en,
				Base,
			);
			mainGroup = 5FEE523A273BFF88002C6A36;
			productRefGroup = 5FEE5244273BFF88002C6A36 /* Products */;
			projectDirPath = "";
			projectRoot = "";
			targets = (
				5FEE5242273BFF88002C6A36 /* AllTrails */,
				5FEE5258273BFF8A002C6A36 /* AllTrailsTests */,
			);
		};
/* End PBXProject section */

/* Begin PBXResourcesBuildPhase section */
		5FEE5241273BFF88002C6A36 /* Resources */ = {
			isa = PBXResourcesBuildPhase;
			buildActionMask = 2147483647;
			files = (
				5FEE5253273BFF8A002C6A36 /* LaunchScreen.storyboard in Resources */,
				5FEE5250273BFF8A002C6A36 /* Assets.xcassets in Resources */,
				5FEE524E273BFF88002C6A36 /* Main.storyboard in Resources */,
			);
			runOnlyForDeploymentPostprocessing = 0;
		};
		5FEE5257273BFF8A002C6A36 /* Resources */ = {
			isa = PBXResourcesBuildPhase;
			buildActionMask = 2147483647;
			files = (
			);
			runOnlyForDeploymentPostprocessing = 0;
		};
/* End PBXResourcesBuildPhase section */

/* Begin PBXSourcesBuildPhase section */
		5FEE523F273BFF88002C6A36 /* Sources */ = {
			isa = PBXSourcesBuildPhase;
			buildActionMask = 2147483647;
			files = (
				5FEE527E273C068D002C6A36 /* PriceLevel.swift in Sources */,
				5FEE5278273C02BF002C6A36 /* PlaceLoader.swift in Sources */,
				5FEE524B273BFF88002C6A36 /* ViewController.swift in Sources */,
				5FEE5280273C069E002C6A36 /* Place.swift in Sources */,
				5F50725B273D54A200C2981D /* RemotePlaceLoader.swift in Sources */,
				5FEE527A273C0661002C6A36 /* Request.swift in Sources */,
				5FEE5247273BFF88002C6A36 /* AppDelegate.swift in Sources */,
				5FEE527C273C0676002C6A36 /* LocationCoordinate.swift in Sources */,
				5FEE5249273BFF88002C6A36 /* SceneDelegate.swift in Sources */,
			);
			runOnlyForDeploymentPostprocessing = 0;
		};
		5FEE5255273BFF8A002C6A36 /* Sources */ = {
			isa = PBXSourcesBuildPhase;
			buildActionMask = 2147483647;
			files = (
				5FEE525E273BFF8A002C6A36 /* RemotePlaceLoaderTests.swift in Sources */,
			);
			runOnlyForDeploymentPostprocessing = 0;
		};
/* End PBXSourcesBuildPhase section */

/* Begin PBXTargetDependency section */
		5FEE525B273BFF8A002C6A36 /* PBXTargetDependency */ = {
			isa = PBXTargetDependency;
			target = 5FEE5242273BFF88002C6A36 /* AllTrails */;
			targetProxy = 5FEE525A273BFF8A002C6A36 /* PBXContainerItemProxy */;
		};
/* End PBXTargetDependency section */

/* Begin PBXVariantGroup section */
		5FEE524C273BFF88002C6A36 /* Main.storyboard */ = {
			isa = PBXVariantGroup;
			children = (
				5FEE524D273BFF88002C6A36 /* Base */,
			);
			name = Main.storyboard;
			sourceTree = "<group>";
		};
		5FEE5251273BFF8A002C6A36 /* LaunchScreen.storyboard */ = {
			isa = PBXVariantGroup;
			children = (
				5FEE5252273BFF8A002C6A36 /* Base */,
			);
			name = LaunchScreen.storyboard;
			sourceTree = "<group>";
		};
/* End PBXVariantGroup section */

/* Begin XCBuildConfiguration section */
		5FEE526B273BFF8A002C6A36 /* Debug */ = {
			isa = XCBuildConfiguration;
			buildSettings = {
				ALWAYS_SEARCH_USER_PATHS = NO;
				CLANG_ANALYZER_NONNULL = YES;
				CLANG_ANALYZER_NUMBER_OBJECT_CONVERSION = YES_AGGRESSIVE;
				CLANG_CXX_LANGUAGE_STANDARD = "gnu++14";
				CLANG_CXX_LIBRARY = "libc++";
				CLANG_ENABLE_MODULES = YES;
				CLANG_ENABLE_OBJC_ARC = YES;
				CLANG_ENABLE_OBJC_WEAK = YES;
				CLANG_WARN_BLOCK_CAPTURE_AUTORELEASING = YES;
				CLANG_WARN_BOOL_CONVERSION = YES;
				CLANG_WARN_COMMA = YES;
				CLANG_WARN_CONSTANT_CONVERSION = YES;
				CLANG_WARN_DEPRECATED_OBJC_IMPLEMENTATIONS = YES;
				CLANG_WARN_DIRECT_OBJC_ISA_USAGE = YES_ERROR;
				CLANG_WARN_DOCUMENTATION_COMMENTS = YES;
				CLANG_WARN_EMPTY_BODY = YES;
				CLANG_WARN_ENUM_CONVERSION = YES;
				CLANG_WARN_INFINITE_RECURSION = YES;
				CLANG_WARN_INT_CONVERSION = YES;
				CLANG_WARN_NON_LITERAL_NULL_CONVERSION = YES;
				CLANG_WARN_OBJC_IMPLICIT_RETAIN_SELF = YES;
				CLANG_WARN_OBJC_LITERAL_CONVERSION = YES;
				CLANG_WARN_OBJC_ROOT_CLASS = YES_ERROR;
				CLANG_WARN_QUOTED_INCLUDE_IN_FRAMEWORK_HEADER = YES;
				CLANG_WARN_RANGE_LOOP_ANALYSIS = YES;
				CLANG_WARN_STRICT_PROTOTYPES = YES;
				CLANG_WARN_SUSPICIOUS_MOVE = YES;
				CLANG_WARN_UNGUARDED_AVAILABILITY = YES_AGGRESSIVE;
				CLANG_WARN_UNREACHABLE_CODE = YES;
				CLANG_WARN__DUPLICATE_METHOD_MATCH = YES;
				COPY_PHASE_STRIP = NO;
				DEBUG_INFORMATION_FORMAT = dwarf;
				ENABLE_STRICT_OBJC_MSGSEND = YES;
				ENABLE_TESTABILITY = YES;
				GCC_C_LANGUAGE_STANDARD = gnu11;
				GCC_DYNAMIC_NO_PIC = NO;
				GCC_NO_COMMON_BLOCKS = YES;
				GCC_OPTIMIZATION_LEVEL = 0;
				GCC_PREPROCESSOR_DEFINITIONS = (
					"DEBUG=1",
					"$(inherited)",
				);
				GCC_WARN_64_TO_32_BIT_CONVERSION = YES;
				GCC_WARN_ABOUT_RETURN_TYPE = YES_ERROR;
				GCC_WARN_UNDECLARED_SELECTOR = YES;
				GCC_WARN_UNINITIALIZED_AUTOS = YES_AGGRESSIVE;
				GCC_WARN_UNUSED_FUNCTION = YES;
				GCC_WARN_UNUSED_VARIABLE = YES;
				IPHONEOS_DEPLOYMENT_TARGET = 14.5;
				MTL_ENABLE_DEBUG_INFO = INCLUDE_SOURCE;
				MTL_FAST_MATH = YES;
				ONLY_ACTIVE_ARCH = YES;
				SDKROOT = iphoneos;
				SWIFT_ACTIVE_COMPILATION_CONDITIONS = DEBUG;
				SWIFT_OPTIMIZATION_LEVEL = "-Onone";
			};
			name = Debug;
		};
		5FEE526C273BFF8A002C6A36 /* Release */ = {
			isa = XCBuildConfiguration;
			buildSettings = {
				ALWAYS_SEARCH_USER_PATHS = NO;
				CLANG_ANALYZER_NONNULL = YES;
				CLANG_ANALYZER_NUMBER_OBJECT_CONVERSION = YES_AGGRESSIVE;
				CLANG_CXX_LANGUAGE_STANDARD = "gnu++14";
				CLANG_CXX_LIBRARY = "libc++";
				CLANG_ENABLE_MODULES = YES;
				CLANG_ENABLE_OBJC_ARC = YES;
				CLANG_ENABLE_OBJC_WEAK = YES;
				CLANG_WARN_BLOCK_CAPTURE_AUTORELEASING = YES;
				CLANG_WARN_BOOL_CONVERSION = YES;
				CLANG_WARN_COMMA = YES;
				CLANG_WARN_CONSTANT_CONVERSION = YES;
				CLANG_WARN_DEPRECATED_OBJC_IMPLEMENTATIONS = YES;
				CLANG_WARN_DIRECT_OBJC_ISA_USAGE = YES_ERROR;
				CLANG_WARN_DOCUMENTATION_COMMENTS = YES;
				CLANG_WARN_EMPTY_BODY = YES;
				CLANG_WARN_ENUM_CONVERSION = YES;
				CLANG_WARN_INFINITE_RECURSION = YES;
				CLANG_WARN_INT_CONVERSION = YES;
				CLANG_WARN_NON_LITERAL_NULL_CONVERSION = YES;
				CLANG_WARN_OBJC_IMPLICIT_RETAIN_SELF = YES;
				CLANG_WARN_OBJC_LITERAL_CONVERSION = YES;
				CLANG_WARN_OBJC_ROOT_CLASS = YES_ERROR;
				CLANG_WARN_QUOTED_INCLUDE_IN_FRAMEWORK_HEADER = YES;
				CLANG_WARN_RANGE_LOOP_ANALYSIS = YES;
				CLANG_WARN_STRICT_PROTOTYPES = YES;
				CLANG_WARN_SUSPICIOUS_MOVE = YES;
				CLANG_WARN_UNGUARDED_AVAILABILITY = YES_AGGRESSIVE;
				CLANG_WARN_UNREACHABLE_CODE = YES;
				CLANG_WARN__DUPLICATE_METHOD_MATCH = YES;
				COPY_PHASE_STRIP = NO;
				DEBUG_INFORMATION_FORMAT = "dwarf-with-dsym";
				ENABLE_NS_ASSERTIONS = NO;
				ENABLE_STRICT_OBJC_MSGSEND = YES;
				GCC_C_LANGUAGE_STANDARD = gnu11;
				GCC_NO_COMMON_BLOCKS = YES;
				GCC_WARN_64_TO_32_BIT_CONVERSION = YES;
				GCC_WARN_ABOUT_RETURN_TYPE = YES_ERROR;
				GCC_WARN_UNDECLARED_SELECTOR = YES;
				GCC_WARN_UNINITIALIZED_AUTOS = YES_AGGRESSIVE;
				GCC_WARN_UNUSED_FUNCTION = YES;
				GCC_WARN_UNUSED_VARIABLE = YES;
				IPHONEOS_DEPLOYMENT_TARGET = 14.5;
				MTL_ENABLE_DEBUG_INFO = NO;
				MTL_FAST_MATH = YES;
				SDKROOT = iphoneos;
				SWIFT_COMPILATION_MODE = wholemodule;
				SWIFT_OPTIMIZATION_LEVEL = "-O";
				VALIDATE_PRODUCT = YES;
			};
			name = Release;
		};
		5FEE526E273BFF8A002C6A36 /* Debug */ = {
			isa = XCBuildConfiguration;
			buildSettings = {
				ASSETCATALOG_COMPILER_APPICON_NAME = AppIcon;
				ASSETCATALOG_COMPILER_GLOBAL_ACCENT_COLOR_NAME = AccentColor;
				CODE_SIGN_STYLE = Automatic;
				DEVELOPMENT_TEAM = BV8HVD6H7Z;
				INFOPLIST_FILE = AllTrails/Info.plist;
				LD_RUNPATH_SEARCH_PATHS = (
					"$(inherited)",
					"@executable_path/Frameworks",
				);
				PRODUCT_BUNDLE_IDENTIFIER = "iosApp.AllTrails.-";
				PRODUCT_NAME = "$(TARGET_NAME)";
				SWIFT_VERSION = 5.0;
				TARGETED_DEVICE_FAMILY = "1,2";
			};
			name = Debug;
		};
		5FEE526F273BFF8A002C6A36 /* Release */ = {
			isa = XCBuildConfiguration;
			buildSettings = {
				ASSETCATALOG_COMPILER_APPICON_NAME = AppIcon;
				ASSETCATALOG_COMPILER_GLOBAL_ACCENT_COLOR_NAME = AccentColor;
				CODE_SIGN_STYLE = Automatic;
				DEVELOPMENT_TEAM = BV8HVD6H7Z;
				INFOPLIST_FILE = AllTrails/Info.plist;
				LD_RUNPATH_SEARCH_PATHS = (
					"$(inherited)",
					"@executable_path/Frameworks",
				);
				PRODUCT_BUNDLE_IDENTIFIER = "iosApp.AllTrails.-";
				PRODUCT_NAME = "$(TARGET_NAME)";
				SWIFT_VERSION = 5.0;
				TARGETED_DEVICE_FAMILY = "1,2";
			};
			name = Release;
		};
		5FEE5271273BFF8A002C6A36 /* Debug */ = {
			isa = XCBuildConfiguration;
			buildSettings = {
				ALWAYS_EMBED_SWIFT_STANDARD_LIBRARIES = YES;
				BUNDLE_LOADER = "$(TEST_HOST)";
				CODE_SIGN_STYLE = Automatic;
				DEVELOPMENT_TEAM = BV8HVD6H7Z;
				INFOPLIST_FILE = AllTrailsTests/Info.plist;
				IPHONEOS_DEPLOYMENT_TARGET = 14.5;
				LD_RUNPATH_SEARCH_PATHS = (
					"$(inherited)",
					"@executable_path/Frameworks",
					"@loader_path/Frameworks",
				);
				PRODUCT_BUNDLE_IDENTIFIER = iosApp.AllTrailsTests;
				PRODUCT_NAME = "$(TARGET_NAME)";
				SWIFT_VERSION = 5.0;
				TARGETED_DEVICE_FAMILY = "1,2";
				TEST_HOST = "$(BUILT_PRODUCTS_DIR)/AllTrails.app/AllTrails";
			};
			name = Debug;
		};
		5FEE5272273BFF8A002C6A36 /* Release */ = {
			isa = XCBuildConfiguration;
			buildSettings = {
				ALWAYS_EMBED_SWIFT_STANDARD_LIBRARIES = YES;
				BUNDLE_LOADER = "$(TEST_HOST)";
				CODE_SIGN_STYLE = Automatic;
				DEVELOPMENT_TEAM = BV8HVD6H7Z;
				INFOPLIST_FILE = AllTrailsTests/Info.plist;
				IPHONEOS_DEPLOYMENT_TARGET = 14.5;
				LD_RUNPATH_SEARCH_PATHS = (
					"$(inherited)",
					"@executable_path/Frameworks",
					"@loader_path/Frameworks",
				);
				PRODUCT_BUNDLE_IDENTIFIER = iosApp.AllTrailsTests;
				PRODUCT_NAME = "$(TARGET_NAME)";
				SWIFT_VERSION = 5.0;
				TARGETED_DEVICE_FAMILY = "1,2";
				TEST_HOST = "$(BUILT_PRODUCTS_DIR)/AllTrails.app/AllTrails";
			};
			name = Release;
		};
/* End XCBuildConfiguration section */

/* Begin XCConfigurationList section */
		5FEE523E273BFF88002C6A36 /* Build configuration list for PBXProject "AllTrails" */ = {
			isa = XCConfigurationList;
			buildConfigurations = (
				5FEE526B273BFF8A002C6A36 /* Debug */,
				5FEE526C273BFF8A002C6A36 /* Release */,
			);
			defaultConfigurationIsVisible = 0;
			defaultConfigurationName = Release;
		};
		5FEE526D273BFF8A002C6A36 /* Build configuration list for PBXNativeTarget "AllTrails" */ = {
			isa = XCConfigurationList;
			buildConfigurations = (
				5FEE526E273BFF8A002C6A36 /* Debug */,
				5FEE526F273BFF8A002C6A36 /* Release */,
			);
			defaultConfigurationIsVisible = 0;
			defaultConfigurationName = Release;
		};
		5FEE5270273BFF8A002C6A36 /* Build configuration list for PBXNativeTarget "AllTrailsTests" */ = {
			isa = XCConfigurationList;
			buildConfigurations = (
				5FEE5271273BFF8A002C6A36 /* Debug */,
				5FEE5272273BFF8A002C6A36 /* Release */,
			);
			defaultConfigurationIsVisible = 0;
			defaultConfigurationName = Release;
		};
/* End XCConfigurationList section */
	};
	rootObject = 5FEE523B273BFF88002C6A36 /* Project object */;
}
